
Microsoft Visual Studio Solution File, Format Version 12.00
# Visual Studio Version 16
VisualStudioVersion = 16.0.32106.194
MinimumVisualStudioVersion = 10.0.40219.1
Project("{FAE04EC0-301F-11D3-BF4B-00C04F79EFBC}") = "Tdd_Sibala", "Tdd_Sibala\Tdd_Sibala.csproj", "{448ADBA3-5D02-43B0-8FBE-3DEC8E7CCBE7}"
EndProject
Global
	GlobalSection(SolutionConfigurationPlatforms) = preSolution
		Debug|Any CPU = Debug|Any CPU
		Release|Any CPU = Release|Any CPU
	EndGlobalSection
	GlobalSection(ProjectConfigurationPlatforms) = postSolution
		{448ADBA3-5D02-43B0-8FBE-3DEC8E7CCBE7}.Debug|Any CPU.ActiveCfg = Debug|Any CPU
		{448ADBA3-5D02-43B0-8FBE-3DEC8E7CCBE7}.Debug|Any CPU.Build.0 = Debug|Any CPU
		{448ADBA3-5D02-43B0-8FBE-3DEC8E7CCBE7}.Release|Any CPU.ActiveCfg = Release|Any CPU
		{448ADBA3-5D02-43B0-8FBE-3DEC8E7CCBE7}.Release|Any CPU.Build.0 = Release|Any CPU
	EndGlobalSection
	GlobalSection(SolutionProperties) = preSolution
		HideSolutionNode = FALSE
	EndGlobalSection
	GlobalSection(ExtensibilityGlobals) = postSolution
		SolutionGuid = {5115125F-5165-42E8-B4EC-7BF5CB90E5C8}
	EndGlobalSection
EndGlobal
